
Microsoft Visual Studio Solution File, Format Version 12.00
# Visual Studio Version 17
VisualStudioVersion = 17.10.35027.167
MinimumVisualStudioVersion = 10.0.40219.1
Project("{FAE04EC0-301F-11D3-BF4B-00C04F79EFBC}") = "Tarea 2 Sentencia if 2.5", "Tarea 2 Sentencia if 2.5.csproj", "{372E31E4-31C9-4594-9429-D2EA186BFB60}"
EndProject
Global
	GlobalSection(SolutionConfigurationPlatforms) = preSolution
		Debug|Any CPU = Debug|Any CPU
		Release|Any CPU = Release|Any CPU
	EndGlobalSection
	GlobalSection(ProjectConfigurationPlatforms) = postSolution
		{372E31E4-31C9-4594-9429-D2EA186BFB60}.Debug|Any CPU.ActiveCfg = Debug|Any CPU
		{372E31E4-31C9-4594-9429-D2EA186BFB60}.Debug|Any CPU.Build.0 = Debug|Any CPU
		{372E31E4-31C9-4594-9429-D2EA186BFB60}.Release|Any CPU.ActiveCfg = Release|Any CPU
		{372E31E4-31C9-4594-9429-D2EA186BFB60}.Release|Any CPU.Build.0 = Release|Any CPU
	EndGlobalSection
	GlobalSection(SolutionProperties) = preSolution
		HideSolutionNode = FALSE
	EndGlobalSection
	GlobalSection(ExtensibilityGlobals) = postSolution
		SolutionGuid = {92F1CC60-F211-4A35-82A1-48C81CDFFC37}
	EndGlobalSection
EndGlobal
