
Microsoft Visual Studio Solution File, Format Version 12.00
# Visual Studio Version 17
VisualStudioVersion = 17.10.35027.167
MinimumVisualStudioVersion = 10.0.40219.1
Project("{FAE04EC0-301F-11D3-BF4B-00C04F79EFBC}") = "Tarea 2  Sentencia If 1.1", "Tarea 2  Sentencia If 1.1.csproj", "{080EE924-EE70-4CDC-BB93-2D404A0C5D2E}"
EndProject
Global
	GlobalSection(SolutionConfigurationPlatforms) = preSolution
		Debug|Any CPU = Debug|Any CPU
		Release|Any CPU = Release|Any CPU
	EndGlobalSection
	GlobalSection(ProjectConfigurationPlatforms) = postSolution
		{080EE924-EE70-4CDC-BB93-2D404A0C5D2E}.Debug|Any CPU.ActiveCfg = Debug|Any CPU
		{080EE924-EE70-4CDC-BB93-2D404A0C5D2E}.Debug|Any CPU.Build.0 = Debug|Any CPU
		{080EE924-EE70-4CDC-BB93-2D404A0C5D2E}.Release|Any CPU.ActiveCfg = Release|Any CPU
		{080EE924-EE70-4CDC-BB93-2D404A0C5D2E}.Release|Any CPU.Build.0 = Release|Any CPU
	EndGlobalSection
	GlobalSection(SolutionProperties) = preSolution
		HideSolutionNode = FALSE
	EndGlobalSection
	GlobalSection(ExtensibilityGlobals) = postSolution
		SolutionGuid = {9E16EB0F-EE6A-449E-A6F7-CB1B40889B16}
	EndGlobalSection
EndGlobal
